// !$*UTF8*$!
{
	archiveVersion = 1;
	classes = {
	};
	objectVersion = 55;
	objects = {

/* Begin PBXBuildFile section */
		C64D54172A5DC4A6008ED930 /* SelectDateVC.swift in Sources */ = {isa = PBXBuildFile; fileRef = C64D54162A5DC4A6008ED930 /* SelectDateVC.swift */; };
		C64D54192A5DCF62008ED930 /* GrowingTextView.swift in Sources */ = {isa = PBXBuildFile; fileRef = C64D54182A5DCF62008ED930 /* GrowingTextView.swift */; };
		C670511D2A5D71AE00D63B58 /* ExtentionUITextFeild.swift in Sources */ = {isa = PBXBuildFile; fileRef = C670511C2A5D71AE00D63B58 /* ExtentionUITextFeild.swift */; };
		C670511F2A5D71FE00D63B58 /* ExtensionUIColor.swift in Sources */ = {isa = PBXBuildFile; fileRef = C670511E2A5D71FE00D63B58 /* ExtensionUIColor.swift */; };
		C67051212A5D7D3D00D63B58 /* AddEventViewController.swift in Sources */ = {isa = PBXBuildFile; fileRef = C67051202A5D7D3D00D63B58 /* AddEventViewController.swift */; };
		C67051252A5D88DC00D63B58 /* ExtensionUiImage.swift in Sources */ = {isa = PBXBuildFile; fileRef = C67051242A5D88DC00D63B58 /* ExtensionUiImage.swift */; };
		C6BBB7182A628D2A0073D3EA /* AllEventViewController.swift in Sources */ = {isa = PBXBuildFile; fileRef = C6BBB7172A628D2A0073D3EA /* AllEventViewController.swift */; };
		C6C30D862A615E0100C6B7C8 /* MenuHelperViewController.swift in Sources */ = {isa = PBXBuildFile; fileRef = C6C30D852A615E0100C6B7C8 /* MenuHelperViewController.swift */; };
		C6C30D882A615E4B00C6B7C8 /* SideMenuViewController.swift in Sources */ = {isa = PBXBuildFile; fileRef = C6C30D872A615E4B00C6B7C8 /* SideMenuViewController.swift */; };
		C6C30D8A2A616C2F00C6B7C8 /* AllCategoryViewController.swift in Sources */ = {isa = PBXBuildFile; fileRef = C6C30D892A616C2F00C6B7C8 /* AllCategoryViewController.swift */; };
		C6D55DD92A61196F00CE973D /* GoogleService-Info.plist in Resources */ = {isa = PBXBuildFile; fileRef = C6D55DD82A61196F00CE973D /* GoogleService-Info.plist */; };
		C6DFDFC42A5947DA00BFF54D /* AppDelegate.swift in Sources */ = {isa = PBXBuildFile; fileRef = C6DFDFC32A5947DA00BFF54D /* AppDelegate.swift */; };
		C6DFDFC62A5947DA00BFF54D /* SceneDelegate.swift in Sources */ = {isa = PBXBuildFile; fileRef = C6DFDFC52A5947DA00BFF54D /* SceneDelegate.swift */; };
		C6DFDFC82A5947DA00BFF54D /* ViewController.swift in Sources */ = {isa = PBXBuildFile; fileRef = C6DFDFC72A5947DA00BFF54D /* ViewController.swift */; };
		C6DFDFCB2A5947DA00BFF54D /* Main.storyboard in Resources */ = {isa = PBXBuildFile; fileRef = C6DFDFC92A5947DA00BFF54D /* Main.storyboard */; };
		C6DFDFCD2A5947DB00BFF54D /* Assets.xcassets in Resources */ = {isa = PBXBuildFile; fileRef = C6DFDFCC2A5947DB00BFF54D /* Assets.xcassets */; };
		C6DFDFD02A5947DB00BFF54D /* LaunchScreen.storyboard in Resources */ = {isa = PBXBuildFile; fileRef = C6DFDFCE2A5947DB00BFF54D /* LaunchScreen.storyboard */; };
		C6E06E432A5FE31D007B8A59 /* Extension UITableview.swift in Sources */ = {isa = PBXBuildFile; fileRef = C6E06E422A5FE31D007B8A59 /* Extension UITableview.swift */; };
		C6E06E462A5FE37B007B8A59 /* EvenDataModel.xcdatamodeld in Sources */ = {isa = PBXBuildFile; fileRef = C6E06E442A5FE37B007B8A59 /* EvenDataModel.xcdatamodeld */; };
		C6E06E4C2A601002007B8A59 /* CustomerConstant.swift in Sources */ = {isa = PBXBuildFile; fileRef = C6E06E4B2A601002007B8A59 /* CustomerConstant.swift */; };
		C6E06E4E2A601F15007B8A59 /* ExtensionUIview.swift in Sources */ = {isa = PBXBuildFile; fileRef = C6E06E4D2A601F15007B8A59 /* ExtensionUIview.swift */; };
		C6E0EF9A2A5EFE6B00646814 /* AddNewCategoryVC.swift in Sources */ = {isa = PBXBuildFile; fileRef = C6E0EF992A5EFE6B00646814 /* AddNewCategoryVC.swift */; };
		C6E0EF9C2A5F090C00646814 /* RPicker.swift in Sources */ = {isa = PBXBuildFile; fileRef = C6E0EF9B2A5F090C00646814 /* RPicker.swift */; };
		C6E0EF9E2A5F0BC700646814 /* Extension Date .swift in Sources */ = {isa = PBXBuildFile; fileRef = C6E0EF9D2A5F0BC700646814 /* Extension Date .swift */; };
		C6E0EFA02A5F0DD900646814 /* SelectTimeViewController.swift in Sources */ = {isa = PBXBuildFile; fileRef = C6E0EF9F2A5F0DD900646814 /* SelectTimeViewController.swift */; };
		D35EB213CBC65770EC913580 /* Pods_Event_Scheduler_App.framework in Frameworks */ = {isa = PBXBuildFile; fileRef = 6D931612D682EBD80AE5013C /* Pods_Event_Scheduler_App.framework */; };
/* End PBXBuildFile section */

/* Begin PBXFileReference section */
		3D6205CF8573923328F27138 /* Pods-Event Scheduler App.debug.xcconfig */ = {isa = PBXFileReference; includeInIndex = 1; lastKnownFileType = text.xcconfig; name = "Pods-Event Scheduler App.debug.xcconfig"; path = "Target Support Files/Pods-Event Scheduler App/Pods-Event Scheduler App.debug.xcconfig"; sourceTree = "<group>"; };
		4985112F026D200453AD09F1 /* Pods-Event Scheduler App.release.xcconfig */ = {isa = PBXFileReference; includeInIndex = 1; lastKnownFileType = text.xcconfig; name = "Pods-Event Scheduler App.release.xcconfig"; path = "Target Support Files/Pods-Event Scheduler App/Pods-Event Scheduler App.release.xcconfig"; sourceTree = "<group>"; };
		6D931612D682EBD80AE5013C /* Pods_Event_Scheduler_App.framework */ = {isa = PBXFileReference; explicitFileType = wrapper.framework; includeInIndex = 0; path = Pods_Event_Scheduler_App.framework; sourceTree = BUILT_PRODUCTS_DIR; };
		C64D54162A5DC4A6008ED930 /* SelectDateVC.swift */ = {isa = PBXFileReference; lastKnownFileType = sourcecode.swift; path = SelectDateVC.swift; sourceTree = "<group>"; };
		C64D54182A5DCF62008ED930 /* GrowingTextView.swift */ = {isa = PBXFileReference; lastKnownFileType = sourcecode.swift; path = GrowingTextView.swift; sourceTree = "<group>"; };
		C670511C2A5D71AE00D63B58 /* ExtentionUITextFeild.swift */ = {isa = PBXFileReference; lastKnownFileType = sourcecode.swift; path = ExtentionUITextFeild.swift; sourceTree = "<group>"; };
		C670511E2A5D71FE00D63B58 /* ExtensionUIColor.swift */ = {isa = PBXFileReference; lastKnownFileType = sourcecode.swift; path = ExtensionUIColor.swift; sourceTree = "<group>"; };
		C67051202A5D7D3D00D63B58 /* AddEventViewController.swift */ = {isa = PBXFileReference; lastKnownFileType = sourcecode.swift; path = AddEventViewController.swift; sourceTree = "<group>"; };
		C67051242A5D88DC00D63B58 /* ExtensionUiImage.swift */ = {isa = PBXFileReference; lastKnownFileType = sourcecode.swift; path = ExtensionUiImage.swift; sourceTree = "<group>"; };
		C6BBB7172A628D2A0073D3EA /* AllEventViewController.swift */ = {isa = PBXFileReference; lastKnownFileType = sourcecode.swift; path = AllEventViewController.swift; sourceTree = "<group>"; };
		C6C30D852A615E0100C6B7C8 /* MenuHelperViewController.swift */ = {isa = PBXFileReference; lastKnownFileType = sourcecode.swift; path = MenuHelperViewController.swift; sourceTree = "<group>"; };
		C6C30D872A615E4B00C6B7C8 /* SideMenuViewController.swift */ = {isa = PBXFileReference; lastKnownFileType = sourcecode.swift; path = SideMenuViewController.swift; sourceTree = "<group>"; };
		C6C30D892A616C2F00C6B7C8 /* AllCategoryViewController.swift */ = {isa = PBXFileReference; lastKnownFileType = sourcecode.swift; path = AllCategoryViewController.swift; sourceTree = "<group>"; };
		C6D55DD82A61196F00CE973D /* GoogleService-Info.plist */ = {isa = PBXFileReference; fileEncoding = 4; lastKnownFileType = text.plist.xml; path = "GoogleService-Info.plist"; sourceTree = "<group>"; };
		C6DFDFC02A5947DA00BFF54D /* Event Scheduler App.app */ = {isa = PBXFileReference; explicitFileType = wrapper.application; includeInIndex = 0; path = "Event Scheduler App.app"; sourceTree = BUILT_PRODUCTS_DIR; };
		C6DFDFC32A5947DA00BFF54D /* AppDelegate.swift */ = {isa = PBXFileReference; lastKnownFileType = sourcecode.swift; path = AppDelegate.swift; sourceTree = "<group>"; };
		C6DFDFC52A5947DA00BFF54D /* SceneDelegate.swift */ = {isa = PBXFileReference; lastKnownFileType = sourcecode.swift; path = SceneDelegate.swift; sourceTree = "<group>"; };
		C6DFDFC72A5947DA00BFF54D /* ViewController.swift */ = {isa = PBXFileReference; lastKnownFileType = sourcecode.swift; path = ViewController.swift; sourceTree = "<group>"; };
		C6DFDFCA2A5947DA00BFF54D /* Base */ = {isa = PBXFileReference; lastKnownFileType = file.storyboard; name = Base; path = Base.lproj/Main.storyboard; sourceTree = "<group>"; };
		C6DFDFCC2A5947DB00BFF54D /* Assets.xcassets */ = {isa = PBXFileReference; lastKnownFileType = folder.assetcatalog; path = Assets.xcassets; sourceTree = "<group>"; };
		C6DFDFCF2A5947DB00BFF54D /* Base */ = {isa = PBXFileReference; lastKnownFileType = file.storyboard; name = Base; path = Base.lproj/LaunchScreen.storyboard; sourceTree = "<group>"; };
		C6DFDFD12A5947DB00BFF54D /* Info.plist */ = {isa = PBXFileReference; lastKnownFileType = text.plist.xml; path = Info.plist; sourceTree = "<group>"; };
		C6E06E422A5FE31D007B8A59 /* Extension UITableview.swift */ = {isa = PBXFileReference; lastKnownFileType = sourcecode.swift; path = "Extension UITableview.swift"; sourceTree = "<group>"; };
		C6E06E452A5FE37B007B8A59 /* EvenDataModel.xcdatamodel */ = {isa = PBXFileReference; lastKnownFileType = wrapper.xcdatamodel; path = EvenDataModel.xcdatamodel; sourceTree = "<group>"; };
		C6E06E4B2A601002007B8A59 /* CustomerConstant.swift */ = {isa = PBXFileReference; lastKnownFileType = sourcecode.swift; path = CustomerConstant.swift; sourceTree = "<group>"; };
		C6E06E4D2A601F15007B8A59 /* ExtensionUIview.swift */ = {isa = PBXFileReference; lastKnownFileType = sourcecode.swift; path = ExtensionUIview.swift; sourceTree = "<group>"; };
		C6E0EF992A5EFE6B00646814 /* AddNewCategoryVC.swift */ = {isa = PBXFileReference; lastKnownFileType = sourcecode.swift; path = AddNewCategoryVC.swift; sourceTree = "<group>"; };
		C6E0EF9B2A5F090C00646814 /* RPicker.swift */ = {isa = PBXFileReference; lastKnownFileType = sourcecode.swift; path = RPicker.swift; sourceTree = "<group>"; };
		C6E0EF9D2A5F0BC700646814 /* Extension Date .swift */ = {isa = PBXFileReference; lastKnownFileType = sourcecode.swift; path = "Extension Date .swift"; sourceTree = "<group>"; };
		C6E0EF9F2A5F0DD900646814 /* SelectTimeViewController.swift */ = {isa = PBXFileReference; lastKnownFileType = sourcecode.swift; path = SelectTimeViewController.swift; sourceTree = "<group>"; };
/* End PBXFileReference section */

/* Begin PBXFrameworksBuildPhase section */
		C6DFDFBD2A5947DA00BFF54D /* Frameworks */ = {
			isa = PBXFrameworksBuildPhase;
			buildActionMask = 2147483647;
			files = (
				D35EB213CBC65770EC913580 /* Pods_Event_Scheduler_App.framework in Frameworks */,
			);
			runOnlyForDeploymentPostprocessing = 0;
		};
/* End PBXFrameworksBuildPhase section */

/* Begin PBXGroup section */
		6729641E8F606A11899DDF35 /* Pods */ = {
			isa = PBXGroup;
			children = (
				3D6205CF8573923328F27138 /* Pods-Event Scheduler App.debug.xcconfig */,
				4985112F026D200453AD09F1 /* Pods-Event Scheduler App.release.xcconfig */,
			);
			path = Pods;
			sourceTree = "<group>";
		};
		C67051222A5D863A00D63B58 /* Helper Class */ = {
			isa = PBXGroup;
			children = (
				C670511C2A5D71AE00D63B58 /* ExtentionUITextFeild.swift */,
				C670511E2A5D71FE00D63B58 /* ExtensionUIColor.swift */,
				C67051242A5D88DC00D63B58 /* ExtensionUiImage.swift */,
				C64D54182A5DCF62008ED930 /* GrowingTextView.swift */,
				C6E0EF9B2A5F090C00646814 /* RPicker.swift */,
				C6E0EF9D2A5F0BC700646814 /* Extension Date .swift */,
				C6E06E422A5FE31D007B8A59 /* Extension UITableview.swift */,
				C6E06E4B2A601002007B8A59 /* CustomerConstant.swift */,
				C6E06E4D2A601F15007B8A59 /* ExtensionUIview.swift */,
			);
			path = "Helper Class";
			sourceTree = "<group>";
		};
		C67051232A5D864B00D63B58 /* Controller */ = {
			isa = PBXGroup;
			children = (
				C6DFDFC72A5947DA00BFF54D /* ViewController.swift */,
				C67051202A5D7D3D00D63B58 /* AddEventViewController.swift */,
				C64D54162A5DC4A6008ED930 /* SelectDateVC.swift */,
				C6E0EF992A5EFE6B00646814 /* AddNewCategoryVC.swift */,
				C6E0EF9F2A5F0DD900646814 /* SelectTimeViewController.swift */,
				C6C30D852A615E0100C6B7C8 /* MenuHelperViewController.swift */,
				C6C30D872A615E4B00C6B7C8 /* SideMenuViewController.swift */,
				C6C30D892A616C2F00C6B7C8 /* AllCategoryViewController.swift */,
				C6BBB7172A628D2A0073D3EA /* AllEventViewController.swift */,
			);
			path = Controller;
			sourceTree = "<group>";
		};
		C6DFDFB72A5947DA00BFF54D = {
			isa = PBXGroup;
			children = (
				C6DFDFC22A5947DA00BFF54D /* Event Scheduler App */,
				C6DFDFC12A5947DA00BFF54D /* Products */,
				6729641E8F606A11899DDF35 /* Pods */,
				CE142CAC752BCD6A50A5ED7E /* Frameworks */,
			);
			sourceTree = "<group>";
		};
		C6DFDFC12A5947DA00BFF54D /* Products */ = {
			isa = PBXGroup;
			children = (
				C6DFDFC02A5947DA00BFF54D /* Event Scheduler App.app */,
			);
			name = Products;
			sourceTree = "<group>";
		};
		C6DFDFC22A5947DA00BFF54D /* Event Scheduler App */ = {
			isa = PBXGroup;
			children = (
				C67051232A5D864B00D63B58 /* Controller */,
				C67051222A5D863A00D63B58 /* Helper Class */,
				C6DFDFC32A5947DA00BFF54D /* AppDelegate.swift */,
				C6DFDFC52A5947DA00BFF54D /* SceneDelegate.swift */,
				C6E06E442A5FE37B007B8A59 /* EvenDataModel.xcdatamodeld */,
				C6DFDFC92A5947DA00BFF54D /* Main.storyboard */,
				C6DFDFCC2A5947DB00BFF54D /* Assets.xcassets */,
				C6DFDFCE2A5947DB00BFF54D /* LaunchScreen.storyboard */,
				C6DFDFD12A5947DB00BFF54D /* Info.plist */,
				C6D55DD82A61196F00CE973D /* GoogleService-Info.plist */,
			);
			path = "Event Scheduler App";
			sourceTree = "<group>";
		};
		CE142CAC752BCD6A50A5ED7E /* Frameworks */ = {
			isa = PBXGroup;
			children = (
				6D931612D682EBD80AE5013C /* Pods_Event_Scheduler_App.framework */,
			);
			name = Frameworks;
			sourceTree = "<group>";
		};
/* End PBXGroup section */

/* Begin PBXNativeTarget section */
		C6DFDFBF2A5947DA00BFF54D /* Event Scheduler App */ = {
			isa = PBXNativeTarget;
			buildConfigurationList = C6DFDFD42A5947DB00BFF54D /* Build configuration list for PBXNativeTarget "Event Scheduler App" */;
			buildPhases = (
				95DC993F7B418989A34A52BD /* [CP] Check Pods Manifest.lock */,
				C6DFDFBC2A5947DA00BFF54D /* Sources */,
				C6DFDFBD2A5947DA00BFF54D /* Frameworks */,
				C6DFDFBE2A5947DA00BFF54D /* Resources */,
				569BFDA894B4AFF38AFA26E8 /* [CP] Embed Pods Frameworks */,
			);
			buildRules = (
			);
			dependencies = (
			);
			name = "Event Scheduler App";
			productName = "Event Scheduler App";
			productReference = C6DFDFC02A5947DA00BFF54D /* Event Scheduler App.app */;
			productType = "com.apple.product-type.application";
		};
/* End PBXNativeTarget section */

/* Begin PBXProject section */
		C6DFDFB82A5947DA00BFF54D /* Project object */ = {
			isa = PBXProject;
			attributes = {
				BuildIndependentTargetsInParallel = 1;
				LastSwiftUpdateCheck = 1430;
				LastUpgradeCheck = 1430;
				TargetAttributes = {
					C6DFDFBF2A5947DA00BFF54D = {
						CreatedOnToolsVersion = 14.3;
					};
				};
			};
			buildConfigurationList = C6DFDFBB2A5947DA00BFF54D /* Build configuration list for PBXProject "Event Scheduler App" */;
			compatibilityVersion = "Xcode 13.0";
			developmentRegion = en;
			hasScannedForEncodings = 0;
			knownRegions = (
				en,
				Base,
			);
			mainGroup = C6DFDFB72A5947DA00BFF54D;
			productRefGroup = C6DFDFC12A5947DA00BFF54D /* Products */;
			projectDirPath = "";
			projectRoot = "";
			targets = (
				C6DFDFBF2A5947DA00BFF54D /* Event Scheduler App */,
			);
		};
/* End PBXProject section */

/* Begin PBXResourcesBuildPhase section */
		C6DFDFBE2A5947DA00BFF54D /* Resources */ = {
			isa = PBXResourcesBuildPhase;
			buildActionMask = 2147483647;
			files = (
				C6DFDFD02A5947DB00BFF54D /* LaunchScreen.storyboard in Resources */,
				C6DFDFCD2A5947DB00BFF54D /* Assets.xcassets in Resources */,
				C6DFDFCB2A5947DA00BFF54D /* Main.storyboard in Resources */,
				C6D55DD92A61196F00CE973D /* GoogleService-Info.plist in Resources */,
			);
			runOnlyForDeploymentPostprocessing = 0;
		};
/* End PBXResourcesBuildPhase section */

/* Begin PBXShellScriptBuildPhase section */
		569BFDA894B4AFF38AFA26E8 /* [CP] Embed Pods Frameworks */ = {
			isa = PBXShellScriptBuildPhase;
			buildActionMask = 2147483647;
			files = (
			);
			inputFileListPaths = (
				"${PODS_ROOT}/Target Support Files/Pods-Event Scheduler App/Pods-Event Scheduler App-frameworks-${CONFIGURATION}-input-files.xcfilelist",
			);
			name = "[CP] Embed Pods Frameworks";
			outputFileListPaths = (
				"${PODS_ROOT}/Target Support Files/Pods-Event Scheduler App/Pods-Event Scheduler App-frameworks-${CONFIGURATION}-output-files.xcfilelist",
			);
			runOnlyForDeploymentPostprocessing = 0;
			shellPath = /bin/sh;
			shellScript = "\"${PODS_ROOT}/Target Support Files/Pods-Event Scheduler App/Pods-Event Scheduler App-frameworks.sh\"\n";
			showEnvVarsInLog = 0;
		};
		95DC993F7B418989A34A52BD /* [CP] Check Pods Manifest.lock */ = {
			isa = PBXShellScriptBuildPhase;
			buildActionMask = 2147483647;
			files = (
			);
			inputFileListPaths = (
			);
			inputPaths = (
				"${PODS_PODFILE_DIR_PATH}/Podfile.lock",
				"${PODS_ROOT}/Manifest.lock",
			);
			name = "[CP] Check Pods Manifest.lock";
			outputFileListPaths = (
			);
			outputPaths = (
				"$(DERIVED_FILE_DIR)/Pods-Event Scheduler App-checkManifestLockResult.txt",
			);
			runOnlyForDeploymentPostprocessing = 0;
			shellPath = /bin/sh;
			shellScript = "diff \"${PODS_PODFILE_DIR_PATH}/Podfile.lock\" \"${PODS_ROOT}/Manifest.lock\" > /dev/null\nif [ $? != 0 ] ; then\n    # print error to STDERR\n    echo \"error: The sandbox is not in sync with the Podfile.lock. Run 'pod install' or update your CocoaPods installation.\" >&2\n    exit 1\nfi\n# This output is used by Xcode 'outputs' to avoid re-running this script phase.\necho \"SUCCESS\" > \"${SCRIPT_OUTPUT_FILE_0}\"\n";
			showEnvVarsInLog = 0;
		};
/* End PBXShellScriptBuildPhase section */

/* Begin PBXSourcesBuildPhase section */
		C6DFDFBC2A5947DA00BFF54D /* Sources */ = {
			isa = PBXSourcesBuildPhase;
			buildActionMask = 2147483647;
			files = (
				C6C30D8A2A616C2F00C6B7C8 /* AllCategoryViewController.swift in Sources */,
				C6DFDFC82A5947DA00BFF54D /* ViewController.swift in Sources */,
				C6E0EF9A2A5EFE6B00646814 /* AddNewCategoryVC.swift in Sources */,
				C6E0EFA02A5F0DD900646814 /* SelectTimeViewController.swift in Sources */,
				C67051212A5D7D3D00D63B58 /* AddEventViewController.swift in Sources */,
				C6E0EF9E2A5F0BC700646814 /* Extension Date .swift in Sources */,
				C670511D2A5D71AE00D63B58 /* ExtentionUITextFeild.swift in Sources */,
				C6DFDFC42A5947DA00BFF54D /* AppDelegate.swift in Sources */,
				C64D54172A5DC4A6008ED930 /* SelectDateVC.swift in Sources */,
				C670511F2A5D71FE00D63B58 /* ExtensionUIColor.swift in Sources */,
				C6E06E462A5FE37B007B8A59 /* EvenDataModel.xcdatamodeld in Sources */,
				C6E0EF9C2A5F090C00646814 /* RPicker.swift in Sources */,
				C64D54192A5DCF62008ED930 /* GrowingTextView.swift in Sources */,
				C6DFDFC62A5947DA00BFF54D /* SceneDelegate.swift in Sources */,
				C6E06E4C2A601002007B8A59 /* CustomerConstant.swift in Sources */,
				C6E06E432A5FE31D007B8A59 /* Extension UITableview.swift in Sources */,
				C6C30D862A615E0100C6B7C8 /* MenuHelperViewController.swift in Sources */,
				C67051252A5D88DC00D63B58 /* ExtensionUiImage.swift in Sources */,
				C6C30D882A615E4B00C6B7C8 /* SideMenuViewController.swift in Sources */,
				C6E06E4E2A601F15007B8A59 /* ExtensionUIview.swift in Sources */,
				C6BBB7182A628D2A0073D3EA /* AllEventViewController.swift in Sources */,
			);
			runOnlyForDeploymentPostprocessing = 0;
		};
/* End PBXSourcesBuildPhase section */

/* Begin PBXVariantGroup section */
		C6DFDFC92A5947DA00BFF54D /* Main.storyboard */ = {
			isa = PBXVariantGroup;
			children = (
				C6DFDFCA2A5947DA00BFF54D /* Base */,
			);
			name = Main.storyboard;
			sourceTree = "<group>";
		};
		C6DFDFCE2A5947DB00BFF54D /* LaunchScreen.storyboard */ = {
			isa = PBXVariantGroup;
			children = (
				C6DFDFCF2A5947DB00BFF54D /* Base */,
			);
			name = LaunchScreen.storyboard;
			sourceTree = "<group>";
		};
/* End PBXVariantGroup section */

/* Begin XCBuildConfiguration section */
		C6DFDFD22A5947DB00BFF54D /* Debug */ = {
			isa = XCBuildConfiguration;
			buildSettings = {
				ALWAYS_SEARCH_USER_PATHS = NO;
				CLANG_ANALYZER_NONNULL = YES;
				CLANG_ANALYZER_NUMBER_OBJECT_CONVERSION = YES_AGGRESSIVE;
				CLANG_CXX_LANGUAGE_STANDARD = "gnu++20";
				CLANG_ENABLE_MODULES = YES;
				CLANG_ENABLE_OBJC_ARC = YES;
				CLANG_ENABLE_OBJC_WEAK = YES;
				CLANG_WARN_BLOCK_CAPTURE_AUTORELEASING = YES;
				CLANG_WARN_BOOL_CONVERSION = YES;
				CLANG_WARN_COMMA = YES;
				CLANG_WARN_CONSTANT_CONVERSION = YES;
				CLANG_WARN_DEPRECATED_OBJC_IMPLEMENTATIONS = YES;
				CLANG_WARN_DIRECT_OBJC_ISA_USAGE = YES_ERROR;
				CLANG_WARN_DOCUMENTATION_COMMENTS = YES;
				CLANG_WARN_EMPTY_BODY = YES;
				CLANG_WARN_ENUM_CONVERSION = YES;
				CLANG_WARN_INFINITE_RECURSION = YES;
				CLANG_WARN_INT_CONVERSION = YES;
				CLANG_WARN_NON_LITERAL_NULL_CONVERSION = YES;
				CLANG_WARN_OBJC_IMPLICIT_RETAIN_SELF = YES;
				CLANG_WARN_OBJC_LITERAL_CONVERSION = YES;
				CLANG_WARN_OBJC_ROOT_CLASS = YES_ERROR;
				CLANG_WARN_QUOTED_INCLUDE_IN_FRAMEWORK_HEADER = YES;
				CLANG_WARN_RANGE_LOOP_ANALYSIS = YES;
				CLANG_WARN_STRICT_PROTOTYPES = YES;
				CLANG_WARN_SUSPICIOUS_MOVE = YES;
				CLANG_WARN_UNGUARDED_AVAILABILITY = YES_AGGRESSIVE;
				CLANG_WARN_UNREACHABLE_CODE = YES;
				CLANG_WARN__DUPLICATE_METHOD_MATCH = YES;
				COPY_PHASE_STRIP = NO;
				DEBUG_INFORMATION_FORMAT = dwarf;
				ENABLE_STRICT_OBJC_MSGSEND = YES;
				ENABLE_TESTABILITY = YES;
				GCC_C_LANGUAGE_STANDARD = gnu11;
				GCC_DYNAMIC_NO_PIC = NO;
				GCC_NO_COMMON_BLOCKS = YES;
				GCC_OPTIMIZATION_LEVEL = 0;
				GCC_PREPROCESSOR_DEFINITIONS = (
					"DEBUG=1",
					"$(inherited)",
				);
				GCC_WARN_64_TO_32_BIT_CONVERSION = YES;
				GCC_WARN_ABOUT_RETURN_TYPE = YES_ERROR;
				GCC_WARN_UNDECLARED_SELECTOR = YES;
				GCC_WARN_UNINITIALIZED_AUTOS = YES_AGGRESSIVE;
				GCC_WARN_UNUSED_FUNCTION = YES;
				GCC_WARN_UNUSED_VARIABLE = YES;
				IPHONEOS_DEPLOYMENT_TARGET = 16.4;
				MTL_ENABLE_DEBUG_INFO = INCLUDE_SOURCE;
				MTL_FAST_MATH = YES;
				ONLY_ACTIVE_ARCH = YES;
				SDKROOT = iphoneos;
				SWIFT_ACTIVE_COMPILATION_CONDITIONS = DEBUG;
				SWIFT_OPTIMIZATION_LEVEL = "-Onone";
			};
			name = Debug;
		};
		C6DFDFD32A5947DB00BFF54D /* Release */ = {
			isa = XCBuildConfiguration;
			buildSettings = {
				ALWAYS_SEARCH_USER_PATHS = NO;
				CLANG_ANALYZER_NONNULL = YES;
				CLANG_ANALYZER_NUMBER_OBJECT_CONVERSION = YES_AGGRESSIVE;
				CLANG_CXX_LANGUAGE_STANDARD = "gnu++20";
				CLANG_ENABLE_MODULES = YES;
				CLANG_ENABLE_OBJC_ARC = YES;
				CLANG_ENABLE_OBJC_WEAK = YES;
				CLANG_WARN_BLOCK_CAPTURE_AUTORELEASING = YES;
				CLANG_WARN_BOOL_CONVERSION = YES;
				CLANG_WARN_COMMA = YES;
				CLANG_WARN_CONSTANT_CONVERSION = YES;
				CLANG_WARN_DEPRECATED_OBJC_IMPLEMENTATIONS = YES;
				CLANG_WARN_DIRECT_OBJC_ISA_USAGE = YES_ERROR;
				CLANG_WARN_DOCUMENTATION_COMMENTS = YES;
				CLANG_WARN_EMPTY_BODY = YES;
				CLANG_WARN_ENUM_CONVERSION = YES;
				CLANG_WARN_INFINITE_RECURSION = YES;
				CLANG_WARN_INT_CONVERSION = YES;
				CLANG_WARN_NON_LITERAL_NULL_CONVERSION = YES;
				CLANG_WARN_OBJC_IMPLICIT_RETAIN_SELF = YES;
				CLANG_WARN_OBJC_LITERAL_CONVERSION = YES;
				CLANG_WARN_OBJC_ROOT_CLASS = YES_ERROR;
				CLANG_WARN_QUOTED_INCLUDE_IN_FRAMEWORK_HEADER = YES;
				CLANG_WARN_RANGE_LOOP_ANALYSIS = YES;
				CLANG_WARN_STRICT_PROTOTYPES = YES;
				CLANG_WARN_SUSPICIOUS_MOVE = YES;
				CLANG_WARN_UNGUARDED_AVAILABILITY = YES_AGGRESSIVE;
				CLANG_WARN_UNREACHABLE_CODE = YES;
				CLANG_WARN__DUPLICATE_METHOD_MATCH = YES;
				COPY_PHASE_STRIP = NO;
				DEBUG_INFORMATION_FORMAT = "dwarf-with-dsym";
				ENABLE_NS_ASSERTIONS = NO;
				ENABLE_STRICT_OBJC_MSGSEND = YES;
				GCC_C_LANGUAGE_STANDARD = gnu11;
				GCC_NO_COMMON_BLOCKS = YES;
				GCC_WARN_64_TO_32_BIT_CONVERSION = YES;
				GCC_WARN_ABOUT_RETURN_TYPE = YES_ERROR;
				GCC_WARN_UNDECLARED_SELECTOR = YES;
				GCC_WARN_UNINITIALIZED_AUTOS = YES_AGGRESSIVE;
				GCC_WARN_UNUSED_FUNCTION = YES;
				GCC_WARN_UNUSED_VARIABLE = YES;
				IPHONEOS_DEPLOYMENT_TARGET = 16.4;
				MTL_ENABLE_DEBUG_INFO = NO;
				MTL_FAST_MATH = YES;
				SDKROOT = iphoneos;
				SWIFT_COMPILATION_MODE = wholemodule;
				SWIFT_OPTIMIZATION_LEVEL = "-O";
				VALIDATE_PRODUCT = YES;
			};
			name = Release;
		};
		C6DFDFD52A5947DB00BFF54D /* Debug */ = {
			isa = XCBuildConfiguration;
			baseConfigurationReference = 3D6205CF8573923328F27138 /* Pods-Event Scheduler App.debug.xcconfig */;
			buildSettings = {
				ASSETCATALOG_COMPILER_APPICON_NAME = AppIcon;
				ASSETCATALOG_COMPILER_GLOBAL_ACCENT_COLOR_NAME = AccentColor;
				CODE_SIGN_STYLE = Automatic;
				CURRENT_PROJECT_VERSION = 1;
				DEVELOPMENT_TEAM = N636YX2QAA;
				GENERATE_INFOPLIST_FILE = YES;
				INFOPLIST_FILE = "Event Scheduler App/Info.plist";
				INFOPLIST_KEY_CFBundleDisplayName = "Event Store";
				INFOPLIST_KEY_UIApplicationSupportsIndirectInputEvents = YES;
				INFOPLIST_KEY_UILaunchStoryboardName = LaunchScreen;
				INFOPLIST_KEY_UIMainStoryboardFile = Main;
				INFOPLIST_KEY_UISupportedInterfaceOrientations_iPad = "UIInterfaceOrientationPortrait UIInterfaceOrientationPortraitUpsideDown UIInterfaceOrientationLandscapeLeft UIInterfaceOrientationLandscapeRight";
				INFOPLIST_KEY_UISupportedInterfaceOrientations_iPhone = "UIInterfaceOrientationPortrait UIInterfaceOrientationLandscapeLeft UIInterfaceOrientationLandscapeRight";
				IPHONEOS_DEPLOYMENT_TARGET = 13.0;
				LD_RUNPATH_SEARCH_PATHS = (
					"$(inherited)",
					"@executable_path/Frameworks",
				);
				MARKETING_VERSION = 1.0;
				PRODUCT_BUNDLE_IDENTIFIER = "ios.Event-Store-App";
				PRODUCT_NAME = "$(TARGET_NAME)";
				SWIFT_EMIT_LOC_STRINGS = YES;
				SWIFT_VERSION = 5.0;
				TARGETED_DEVICE_FAMILY = "1,2";
			};
			name = Debug;
		};
		C6DFDFD62A5947DB00BFF54D /* Release */ = {
			isa = XCBuildConfiguration;
			baseConfigurationReference = 4985112F026D200453AD09F1 /* Pods-Event Scheduler App.release.xcconfig */;
			buildSettings = {
				ASSETCATALOG_COMPILER_APPICON_NAME = AppIcon;
				ASSETCATALOG_COMPILER_GLOBAL_ACCENT_COLOR_NAME = AccentColor;
				CODE_SIGN_STYLE = Automatic;
				CURRENT_PROJECT_VERSION = 1;
				DEVELOPMENT_TEAM = N636YX2QAA;
				GENERATE_INFOPLIST_FILE = YES;
				INFOPLIST_FILE = "Event Scheduler App/Info.plist";
				INFOPLIST_KEY_CFBundleDisplayName = "Event Store";
				INFOPLIST_KEY_UIApplicationSupportsIndirectInputEvents = YES;
				INFOPLIST_KEY_UILaunchStoryboardName = LaunchScreen;
				INFOPLIST_KEY_UIMainStoryboardFile = Main;
				INFOPLIST_KEY_UISupportedInterfaceOrientations_iPad = "UIInterfaceOrientationPortrait UIInterfaceOrientationPortraitUpsideDown UIInterfaceOrientationLandscapeLeft UIInterfaceOrientationLandscapeRight";
				INFOPLIST_KEY_UISupportedInterfaceOrientations_iPhone = "UIInterfaceOrientationPortrait UIInterfaceOrientationLandscapeLeft UIInterfaceOrientationLandscapeRight";
				IPHONEOS_DEPLOYMENT_TARGET = 13.0;
				LD_RUNPATH_SEARCH_PATHS = (
					"$(inherited)",
					"@executable_path/Frameworks",
				);
				MARKETING_VERSION = 1.0;
				PRODUCT_BUNDLE_IDENTIFIER = "ios.Event-Store-App";
				PRODUCT_NAME = "$(TARGET_NAME)";
				SWIFT_EMIT_LOC_STRINGS = YES;
				SWIFT_VERSION = 5.0;
				TARGETED_DEVICE_FAMILY = "1,2";
			};
			name = Release;
		};
/* End XCBuildConfiguration section */

/* Begin XCConfigurationList section */
		C6DFDFBB2A5947DA00BFF54D /* Build configuration list for PBXProject "Event Scheduler App" */ = {
			isa = XCConfigurationList;
			buildConfigurations = (
				C6DFDFD22A5947DB00BFF54D /* Debug */,
				C6DFDFD32A5947DB00BFF54D /* Release */,
			);
			defaultConfigurationIsVisible = 0;
			defaultConfigurationName = Release;
		};
		C6DFDFD42A5947DB00BFF54D /* Build configuration list for PBXNativeTarget "Event Scheduler App" */ = {
			isa = XCConfigurationList;
			buildConfigurations = (
				C6DFDFD52A5947DB00BFF54D /* Debug */,
				C6DFDFD62A5947DB00BFF54D /* Release */,
			);
			defaultConfigurationIsVisible = 0;
			defaultConfigurationName = Release;
		};
/* End XCConfigurationList section */

/* Begin XCVersionGroup section */
		C6E06E442A5FE37B007B8A59 /* EvenDataModel.xcdatamodeld */ = {
			isa = XCVersionGroup;
			children = (
				C6E06E452A5FE37B007B8A59 /* EvenDataModel.xcdatamodel */,
			);
			currentVersion = C6E06E452A5FE37B007B8A59 /* EvenDataModel.xcdatamodel */;
			path = EvenDataModel.xcdatamodeld;
			sourceTree = "<group>";
			versionGroupType = wrapper.xcdatamodel;
		};
/* End XCVersionGroup section */
	};
	rootObject = C6DFDFB82A5947DA00BFF54D /* Project object */;
}
